
Microsoft Visual Studio Solution File, Format Version 12.00
# Visual Studio Version 16
VisualStudioVersion = 16.0.34114.132
MinimumVisualStudioVersion = 10.0.40219.1
Project("{FAE04EC0-301F-11D3-BF4B-00C04F79EFBC}") = "FormularioUsable1", "FormularioUsable1.csproj", "{16B4A87A-6810-41AF-9D86-012D94685246}"
EndProject
Global
	GlobalSection(SolutionConfigurationPlatforms) = preSolution
		Debug|Any CPU = Debug|Any CPU
		Release|Any CPU = Release|Any CPU
	EndGlobalSection
	GlobalSection(ProjectConfigurationPlatforms) = postSolution
		{16B4A87A-6810-41AF-9D86-012D94685246}.Debug|Any CPU.ActiveCfg = Debug|Any CPU
		{16B4A87A-6810-41AF-9D86-012D94685246}.Debug|Any CPU.Build.0 = Debug|Any CPU
		{16B4A87A-6810-41AF-9D86-012D94685246}.Release|Any CPU.ActiveCfg = Release|Any CPU
		{16B4A87A-6810-41AF-9D86-012D94685246}.Release|Any CPU.Build.0 = Release|Any CPU
	EndGlobalSection
	GlobalSection(SolutionProperties) = preSolution
		HideSolutionNode = FALSE
	EndGlobalSection
	GlobalSection(ExtensibilityGlobals) = postSolution
		SolutionGuid = {579F5839-0915-4829-AA43-45ACEC8C581C}
	EndGlobalSection
EndGlobal
