
Microsoft Visual Studio Solution File, Format Version 12.00
# Visual Studio Version 16
VisualStudioVersion = 16.0.34114.132
MinimumVisualStudioVersion = 10.0.40219.1
Project("{FAE04EC0-301F-11D3-BF4B-00C04F79EFBC}") = "Despegables de Kaiet", "Despegables de Kaiet.csproj", "{C0A89B21-15A3-4984-848A-F8EAEF089DC1}"
EndProject
Global
	GlobalSection(SolutionConfigurationPlatforms) = preSolution
		Debug|Any CPU = Debug|Any CPU
		Release|Any CPU = Release|Any CPU
	EndGlobalSection
	GlobalSection(ProjectConfigurationPlatforms) = postSolution
		{C0A89B21-15A3-4984-848A-F8EAEF089DC1}.Debug|Any CPU.ActiveCfg = Debug|Any CPU
		{C0A89B21-15A3-4984-848A-F8EAEF089DC1}.Debug|Any CPU.Build.0 = Debug|Any CPU
		{C0A89B21-15A3-4984-848A-F8EAEF089DC1}.Release|Any CPU.ActiveCfg = Release|Any CPU
		{C0A89B21-15A3-4984-848A-F8EAEF089DC1}.Release|Any CPU.Build.0 = Release|Any CPU
	EndGlobalSection
	GlobalSection(SolutionProperties) = preSolution
		HideSolutionNode = FALSE
	EndGlobalSection
	GlobalSection(ExtensibilityGlobals) = postSolution
		SolutionGuid = {DD3D7777-3793-4711-B1E4-3F1DAC9B49B2}
	EndGlobalSection
EndGlobal
