
Microsoft Visual Studio Solution File, Format Version 12.00
# Visual Studio Version 16
VisualStudioVersion = 16.0.34031.81
MinimumVisualStudioVersion = 10.0.40219.1
Project("{FAE04EC0-301F-11D3-BF4B-00C04F79EFBC}") = "Controles de Kaiet", "Controles de Kaiet.csproj", "{48BD0539-72BC-4199-BF1E-C40775616096}"
EndProject
Global
	GlobalSection(SolutionConfigurationPlatforms) = preSolution
		Debug|Any CPU = Debug|Any CPU
		Release|Any CPU = Release|Any CPU
	EndGlobalSection
	GlobalSection(ProjectConfigurationPlatforms) = postSolution
		{48BD0539-72BC-4199-BF1E-C40775616096}.Debug|Any CPU.ActiveCfg = Debug|Any CPU
		{48BD0539-72BC-4199-BF1E-C40775616096}.Debug|Any CPU.Build.0 = Debug|Any CPU
		{48BD0539-72BC-4199-BF1E-C40775616096}.Release|Any CPU.ActiveCfg = Release|Any CPU
		{48BD0539-72BC-4199-BF1E-C40775616096}.Release|Any CPU.Build.0 = Release|Any CPU
	EndGlobalSection
	GlobalSection(SolutionProperties) = preSolution
		HideSolutionNode = FALSE
	EndGlobalSection
	GlobalSection(ExtensibilityGlobals) = postSolution
		SolutionGuid = {63292AA0-0254-4EBE-A588-86418F072D17}
	EndGlobalSection
EndGlobal
