
Microsoft Visual Studio Solution File, Format Version 12.00
# Visual Studio Version 16
VisualStudioVersion = 16.0.34031.81
MinimumVisualStudioVersion = 10.0.40219.1
Project("{FAE04EC0-301F-11D3-BF4B-00C04F79EFBC}") = "ConexionBBDD de Kaiet", "ConexionBBDD de Kaiet.csproj", "{DC50A650-CF68-4BE6-9E05-42D0658D7604}"
EndProject
Global
	GlobalSection(SolutionConfigurationPlatforms) = preSolution
		Debug|Any CPU = Debug|Any CPU
		Release|Any CPU = Release|Any CPU
	EndGlobalSection
	GlobalSection(ProjectConfigurationPlatforms) = postSolution
		{DC50A650-CF68-4BE6-9E05-42D0658D7604}.Debug|Any CPU.ActiveCfg = Debug|Any CPU
		{DC50A650-CF68-4BE6-9E05-42D0658D7604}.Debug|Any CPU.Build.0 = Debug|Any CPU
		{DC50A650-CF68-4BE6-9E05-42D0658D7604}.Release|Any CPU.ActiveCfg = Release|Any CPU
		{DC50A650-CF68-4BE6-9E05-42D0658D7604}.Release|Any CPU.Build.0 = Release|Any CPU
	EndGlobalSection
	GlobalSection(SolutionProperties) = preSolution
		HideSolutionNode = FALSE
	EndGlobalSection
	GlobalSection(ExtensibilityGlobals) = postSolution
		SolutionGuid = {EABC3DCF-C9F6-49AA-8B71-DD568409992D}
	EndGlobalSection
EndGlobal
